{
  "version": 4,
  "terraform_version": "1.13.3",
  "serial": 256,
  "lineage": "38774f8f-15b0-af3b-e276-02410de2e967",
  "outputs": {},
  "resources": [
    {
      "mode": "managed",
      "type": "azurerm_application_insights",
      "name": "functionapp-appinsights",
      "provider": "provider[\"registry.terraform.io/hashicorp/azurerm\"]",
      "instances": [
        {
          "schema_version": 2,
          "attributes": {
            "app_id": "daafb30d-7372-4283-a9a1-5214537ac398",
            "application_type": "web",
            "connection_string": "InstrumentationKey=acc2e997-b53f-478a-a789-a16d411a59ba;IngestionEndpoint=https://uksouth-1.in.applicationinsights.azure.com/;LiveEndpoint=https://uksouth.livediagnostics.monitor.azure.com/;ApplicationId=daafb30d-7372-4283-a9a1-5214537ac398",
            "daily_data_cap_in_gb": 100,
            "daily_data_cap_notifications_disabled": false,
            "disable_ip_masking": false,
            "force_customer_storage_for_profiler": false,
            "id": "/subscriptions/12ce2e00-9ed1-4fb6-8bfc-03b9bd0a200a/resourceGroups/PadelNotes/providers/Microsoft.Insights/components/functionapp-appinsights",
            "instrumentation_key": "acc2e997-b53f-478a-a789-a16d411a59ba",
            "internet_ingestion_enabled": true,
            "internet_query_enabled": true,
            "local_authentication_disabled": false,
            "location": "uksouth",
            "name": "functionapp-appinsights",
            "resource_group_name": "PadelNotes",
            "retention_in_days": 90,
            "sampling_percentage": 100,
            "tags": {},
            "timeouts": null,
            "workspace_id": "/subscriptions/12ce2e00-9ed1-4fb6-8bfc-03b9bd0a200a/resourceGroups/PadelNotes/providers/Microsoft.OperationalInsights/workspaces/padelnotes-workspacelogs"
          },
          "sensitive_attributes": [
            [
              {
                "type": "get_attr",
                "value": "connection_string"
              }
            ],
            [
              {
                "type": "get_attr",
                "value": "instrumentation_key"
              }
            ]
          ],
          "identity_schema_version": 0,
          "private": "eyJlMmJmYjczMC1lY2FhLTExZTYtOGY4OC0zNDM2M2JjN2M0YzAiOnsiY3JlYXRlIjozNjAwMDAwMDAwMDAwLCJkZWxldGUiOjE4MDAwMDAwMDAwMDAsInJlYWQiOjMwMDAwMDAwMDAwMCwidXBkYXRlIjoxODAwMDAwMDAwMDAwfSwic2NoZW1hX3ZlcnNpb24iOiIyIn0=",
          "dependencies": [
            "azurerm_log_analytics_workspace.log-workspace",
            "azurerm_resource_group.PadelNotes-rg"
          ]
        }
      ]
    },
    {
      "mode": "managed",
      "type": "azurerm_cognitive_account",
      "name": "ai_foundry",
      "provider": "provider[\"registry.terraform.io/hashicorp/azurerm\"]",
      "instances": [
        {
          "schema_version": 0,
          "attributes": {
            "custom_question_answering_search_service_id": "",
            "custom_question_answering_search_service_key": null,
            "custom_subdomain_name": "",
            "customer_managed_key": [],
            "dynamic_throttling_enabled": false,
            "endpoint": "https://uksouth.api.cognitive.microsoft.com/",
            "fqdns": [],
            "id": "/subscriptions/12ce2e00-9ed1-4fb6-8bfc-03b9bd0a200a/resourceGroups/PadelNotes/providers/Microsoft.CognitiveServices/accounts/PadelNotesAI27140",
            "identity": [],
            "kind": "AIServices",
            "local_auth_enabled": true,
            "location": "uksouth",
            "metrics_advisor_aad_client_id": "",
            "metrics_advisor_aad_tenant_id": "",
            "metrics_advisor_super_user_name": "",
            "metrics_advisor_website_name": "",
            "name": "PadelNotesAI27140",
            "network_acls": [],
            "network_injection": [],
            "outbound_network_access_restricted": false,
            "primary_access_key": "5JRIDTjvPAp8cVoBJySz8Ax0PvKzG4z04OOLADCZvK6o4hGcMPsFJQQJ99BLACmepeSXJ3w3AAAAACOGJVcS",
            "project_management_enabled": false,
            "public_network_access_enabled": true,
            "qna_runtime_endpoint": "",
            "resource_group_name": "PadelNotes",
            "secondary_access_key": "2yyM5HJTPYxBpyqT6IyxxzZpsi9kbPvmNZgCT00ghMA07l1EPFCbJQQJ99BLACmepeSXJ3w3AAAAACOGI8Xj",
            "sku_name": "S0",
            "storage": [],
            "tags": {},
            "timeouts": null
          },
          "sensitive_attributes": [
            [
              {
                "type": "get_attr",
                "value": "custom_question_answering_search_service_key"
              }
            ],
            [
              {
                "type": "get_attr",
                "value": "primary_access_key"
              }
            ],
            [
              {
                "type": "get_attr",
                "value": "secondary_access_key"
              }
            ]
          ],
          "identity_schema_version": 0,
          "private": "eyJlMmJmYjczMC1lY2FhLTExZTYtOGY4OC0zNDM2M2JjN2M0YzAiOnsiY3JlYXRlIjoxODAwMDAwMDAwMDAwLCJkZWxldGUiOjE4MDAwMDAwMDAwMDAsInJlYWQiOjMwMDAwMDAwMDAwMCwidXBkYXRlIjoxODAwMDAwMDAwMDAwfX0=",
          "dependencies": [
            "azurerm_resource_group.PadelNotes-rg",
            "random_string.unique"
          ]
        }
      ]
    },
    {
      "mode": "managed",
      "type": "azurerm_cognitive_deployment",
      "name": "aifoundry_deployment_gpt_4o-mini",
      "provider": "provider[\"registry.terraform.io/hashicorp/azurerm\"]",
      "instances": [
        {
          "schema_version": 0,
          "attributes": {
            "cognitive_account_id": "/subscriptions/12ce2e00-9ed1-4fb6-8bfc-03b9bd0a200a/resourceGroups/PadelNotes/providers/Microsoft.CognitiveServices/accounts/PadelNotesAI27140",
            "dynamic_throttling_enabled": false,
            "id": "/subscriptions/12ce2e00-9ed1-4fb6-8bfc-03b9bd0a200a/resourceGroups/PadelNotes/providers/Microsoft.CognitiveServices/accounts/PadelNotesAI27140/deployments/gpt-4o-mini",
            "model": [
              {
                "format": "OpenAI",
                "name": "gpt-4o-mini",
                "version": "2024-07-18"
              }
            ],
            "name": "gpt-4o-mini",
            "rai_policy_name": "",
            "sku": [
              {
                "capacity": 1,
                "family": "",
                "name": "GlobalStandard",
                "size": "",
                "tier": ""
              }
            ],
            "timeouts": null,
            "version_upgrade_option": "OnceNewDefaultVersionAvailable"
          },
          "sensitive_attributes": [],
          "identity_schema_version": 0,
          "private": "eyJlMmJmYjczMC1lY2FhLTExZTYtOGY4OC0zNDM2M2JjN2M0YzAiOnsiY3JlYXRlIjoxODAwMDAwMDAwMDAwLCJkZWxldGUiOjE4MDAwMDAwMDAwMDAsInJlYWQiOjMwMDAwMDAwMDAwMCwidXBkYXRlIjoxODAwMDAwMDAwMDAwfX0=",
          "dependencies": [
            "azurerm_cognitive_account.ai_foundry",
            "azurerm_resource_group.PadelNotes-rg",
            "random_string.unique"
          ]
        }
      ]
    },
    {
      "mode": "managed",
      "type": "azurerm_cosmosdb_account",
      "name": "PadelNotesCosmosDBAccount",
      "provider": "provider[\"registry.terraform.io/hashicorp/azurerm\"]",
      "instances": [
        {
          "schema_version": 1,
          "attributes": {
            "access_key_metadata_writes_enabled": true,
            "analytical_storage": [
              {
                "schema_type": "WellDefined"
              }
            ],
            "analytical_storage_enabled": false,
            "automatic_failover_enabled": false,
            "backup": [
              {
                "interval_in_minutes": 240,
                "retention_in_hours": 8,
                "storage_redundancy": "Geo",
                "tier": "",
                "type": "Periodic"
              }
            ],
            "burst_capacity_enabled": false,
            "capabilities": [
              {
                "name": "EnableServerless"
              }
            ],
            "capacity": [],
            "consistency_policy": [
              {
                "consistency_level": "BoundedStaleness",
                "max_interval_in_seconds": 300,
                "max_staleness_prefix": 100000
              }
            ],
            "cors_rule": [],
            "create_mode": "",
            "default_identity_type": "FirstPartyIdentity",
            "endpoint": "https://padelnotesdb.documents.azure.com:443/",
            "free_tier_enabled": false,
            "geo_location": [
              {
                "failover_priority": 0,
                "id": "padelnotesdb-uksouth",
                "location": "uksouth",
                "zone_redundant": false
              }
            ],
            "id": "/subscriptions/12ce2e00-9ed1-4fb6-8bfc-03b9bd0a200a/resourceGroups/PadelNotes/providers/Microsoft.DocumentDB/databaseAccounts/padelnotesdb",
            "identity": [],
            "ip_range_filter": [],
            "is_virtual_network_filter_enabled": false,
            "key_vault_key_id": null,
            "kind": "GlobalDocumentDB",
            "local_authentication_disabled": false,
            "location": "uksouth",
            "managed_hsm_key_id": null,
            "minimal_tls_version": "Tls12",
            "mongo_server_version": null,
            "multiple_write_locations_enabled": false,
            "name": "padelnotesdb",
            "network_acl_bypass_for_azure_services": false,
            "network_acl_bypass_ids": [],
            "offer_type": "Standard",
            "partition_merge_enabled": false,
            "primary_key": "rL8QXHQq5bPAe043585kM9I7xCCJg7jirG4UUJ40pVVN5UOqDUAAhtiEoQwI4iWna7Bwh099LAkPACDb9YqjRQ==",
            "primary_mongodb_connection_string": null,
            "primary_readonly_key": "kEoT2ZwtRvMXKXEgPZMRskJazIeKPeiBua49DHC5hSpSNfurT1vvPfNwh7XWdk3pDsA06ovIWSEJACDbYEUc9A==",
            "primary_readonly_mongodb_connection_string": null,
            "primary_readonly_sql_connection_string": "AccountEndpoint=https://padelnotesdb.documents.azure.com:443/;AccountKey=kEoT2ZwtRvMXKXEgPZMRskJazIeKPeiBua49DHC5hSpSNfurT1vvPfNwh7XWdk3pDsA06ovIWSEJACDbYEUc9A==;",
            "primary_sql_connection_string": "AccountEndpoint=https://padelnotesdb.documents.azure.com:443/;AccountKey=rL8QXHQq5bPAe043585kM9I7xCCJg7jirG4UUJ40pVVN5UOqDUAAhtiEoQwI4iWna7Bwh099LAkPACDb9YqjRQ==;",
            "public_network_access_enabled": true,
            "read_endpoints": [
              "https://padelnotesdb-uksouth.documents.azure.com:443/"
            ],
            "resource_group_name": "PadelNotes",
            "restore": [],
            "secondary_key": "hC1uVXcJFRLxIcMEhDU1C9iU488azR30yNXDv4ZlkUxbHadzKerhQ6bSTIhw496SBmnPVDpWmK6OACDbtE9I0A==",
            "secondary_mongodb_connection_string": null,
            "secondary_readonly_key": "7hIW7WfBSuLf0Ta3mIc8aeTE3Qn29pcHwZTcSipqw7AhzcclLZv5fFexepGzHbwynoOVyMkxh5u3ACDbFCnd2A==",
            "secondary_readonly_mongodb_connection_string": null,
            "secondary_readonly_sql_connection_string": "AccountEndpoint=https://padelnotesdb.documents.azure.com:443/;AccountKey=7hIW7WfBSuLf0Ta3mIc8aeTE3Qn29pcHwZTcSipqw7AhzcclLZv5fFexepGzHbwynoOVyMkxh5u3ACDbFCnd2A==;",
            "secondary_sql_connection_string": "AccountEndpoint=https://padelnotesdb.documents.azure.com:443/;AccountKey=hC1uVXcJFRLxIcMEhDU1C9iU488azR30yNXDv4ZlkUxbHadzKerhQ6bSTIhw496SBmnPVDpWmK6OACDbtE9I0A==;",
            "tags": {},
            "timeouts": null,
            "virtual_network_rule": [],
            "write_endpoints": [
              "https://padelnotesdb-uksouth.documents.azure.com:443/"
            ]
          },
          "sensitive_attributes": [
            [
              {
                "type": "get_attr",
                "value": "primary_key"
              }
            ],
            [
              {
                "type": "get_attr",
                "value": "primary_mongodb_connection_string"
              }
            ],
            [
              {
                "type": "get_attr",
                "value": "primary_readonly_key"
              }
            ],
            [
              {
                "type": "get_attr",
                "value": "primary_readonly_mongodb_connection_string"
              }
            ],
            [
              {
                "type": "get_attr",
                "value": "primary_readonly_sql_connection_string"
              }
            ],
            [
              {
                "type": "get_attr",
                "value": "primary_sql_connection_string"
              }
            ],
            [
              {
                "type": "get_attr",
                "value": "secondary_key"
              }
            ],
            [
              {
                "type": "get_attr",
                "value": "secondary_mongodb_connection_string"
              }
            ],
            [
              {
                "type": "get_attr",
                "value": "secondary_readonly_key"
              }
            ],
            [
              {
                "type": "get_attr",
                "value": "secondary_readonly_mongodb_connection_string"
              }
            ],
            [
              {
                "type": "get_attr",
                "value": "secondary_readonly_sql_connection_string"
              }
            ],
            [
              {
                "type": "get_attr",
                "value": "secondary_sql_connection_string"
              }
            ]
          ],
          "identity_schema_version": 0,
          "private": "eyJlMmJmYjczMC1lY2FhLTExZTYtOGY4OC0zNDM2M2JjN2M0YzAiOnsiY3JlYXRlIjoxMDgwMDAwMDAwMDAwMCwiZGVsZXRlIjoxMDgwMDAwMDAwMDAwMCwicmVhZCI6MzAwMDAwMDAwMDAwLCJ1cGRhdGUiOjEwODAwMDAwMDAwMDAwfSwic2NoZW1hX3ZlcnNpb24iOiIxIn0=",
          "dependencies": [
            "azurerm_resource_group.PadelNotes-rg"
          ]
        }
      ]
    },
    {
      "mode": "managed",
      "type": "azurerm_cosmosdb_sql_container",
      "name": "PadelNotesContainerDB",
      "provider": "provider[\"registry.terraform.io/hashicorp/azurerm\"]",
      "instances": [
        {
          "schema_version": 1,
          "attributes": {
            "account_name": "padelnotesdb",
            "analytical_storage_ttl": null,
            "autoscale_settings": [],
            "conflict_resolution_policy": [
              {
                "conflict_resolution_path": "/_ts",
                "conflict_resolution_procedure": "",
                "mode": "LastWriterWins"
              }
            ],
            "database_name": "PadelNotesDB",
            "default_ttl": null,
            "id": "/subscriptions/12ce2e00-9ed1-4fb6-8bfc-03b9bd0a200a/resourceGroups/PadelNotes/providers/Microsoft.DocumentDB/databaseAccounts/padelnotesdb/sqlDatabases/PadelNotesDB/containers/ImportGame",
            "indexing_policy": [
              {
                "composite_index": [],
                "excluded_path": [],
                "included_path": [
                  {
                    "path": "/*"
                  }
                ],
                "indexing_mode": "consistent",
                "spatial_index": []
              }
            ],
            "name": "ImportGame",
            "partition_key_kind": "Hash",
            "partition_key_paths": [
              "/playerId"
            ],
            "partition_key_version": 1,
            "resource_group_name": "PadelNotes",
            "throughput": null,
            "timeouts": null,
            "unique_key": []
          },
          "sensitive_attributes": [],
          "identity_schema_version": 0,
          "private": "eyJlMmJmYjczMC1lY2FhLTExZTYtOGY4OC0zNDM2M2JjN2M0YzAiOnsiY3JlYXRlIjoxODAwMDAwMDAwMDAwLCJkZWxldGUiOjE4MDAwMDAwMDAwMDAsInJlYWQiOjMwMDAwMDAwMDAwMCwidXBkYXRlIjoxODAwMDAwMDAwMDAwfSwic2NoZW1hX3ZlcnNpb24iOiIxIn0=",
          "dependencies": [
            "azurerm_cosmosdb_account.PadelNotesCosmosDBAccount",
            "azurerm_cosmosdb_sql_database.PadelNotesDB",
            "azurerm_resource_group.PadelNotes-rg"
          ]
        }
      ]
    },
    {
      "mode": "managed",
      "type": "azurerm_cosmosdb_sql_database",
      "name": "PadelNotesDB",
      "provider": "provider[\"registry.terraform.io/hashicorp/azurerm\"]",
      "instances": [
        {
          "schema_version": 1,
          "attributes": {
            "account_name": "padelnotesdb",
            "autoscale_settings": [],
            "id": "/subscriptions/12ce2e00-9ed1-4fb6-8bfc-03b9bd0a200a/resourceGroups/PadelNotes/providers/Microsoft.DocumentDB/databaseAccounts/padelnotesdb/sqlDatabases/PadelNotesDB",
            "name": "PadelNotesDB",
            "resource_group_name": "PadelNotes",
            "throughput": null,
            "timeouts": null
          },
          "sensitive_attributes": [],
          "identity_schema_version": 0,
          "private": "eyJlMmJmYjczMC1lY2FhLTExZTYtOGY4OC0zNDM2M2JjN2M0YzAiOnsiY3JlYXRlIjoxODAwMDAwMDAwMDAwLCJkZWxldGUiOjE4MDAwMDAwMDAwMDAsInJlYWQiOjMwMDAwMDAwMDAwMCwidXBkYXRlIjoxODAwMDAwMDAwMDAwfSwic2NoZW1hX3ZlcnNpb24iOiIxIn0=",
          "dependencies": [
            "azurerm_cosmosdb_account.PadelNotesCosmosDBAccount",
            "azurerm_resource_group.PadelNotes-rg"
          ]
        }
      ]
    },
    {
      "mode": "managed",
      "type": "azurerm_linux_function_app",
      "name": "functionapp",
      "provider": "provider[\"registry.terraform.io/hashicorp/azurerm\"]",
      "instances": [
        {
          "schema_version": 1,
          "attributes": {
            "app_settings": {
              "APPINSIGHTS_CONNECTION_STRING": "InstrumentationKey=acc2e997-b53f-478a-a789-a16d411a59ba;IngestionEndpoint=https://uksouth-1.in.applicationinsights.azure.com/;LiveEndpoint=https://uksouth.livediagnostics.monitor.azure.com/;ApplicationId=daafb30d-7372-4283-a9a1-5214537ac398",
              "APPINSIGHTS_KEY": "acc2e997-b53f-478a-a789-a16d411a59ba",
              "ApplicationInsightsAgent_EXTENSION_VERSION": "~3",
              "CosmosDBConnectionString": "AccountEndpoint=https://padelnotesdb.documents.azure.com:443/;AccountKey=rL8QXHQq5bPAe043585kM9I7xCCJg7jirG4UUJ40pVVN5UOqDUAAhtiEoQwI4iWna7Bwh099LAkPACDb9YqjRQ==;",
              "KEY": "rL8QXHQq5bPAe043585kM9I7xCCJg7jirG4UUJ40pVVN5UOqDUAAhtiEoQwI4iWna7Bwh099LAkPACDb9YqjRQ==",
              "OPANAI_KEY": "5JRIDTjvPAp8cVoBJySz8Ax0PvKzG4z04OOLADCZvK6o4hGcMPsFJQQJ99BLACmepeSXJ3w3AAAAACOGJVcS",
              "URL": "https://padelnotesdb.documents.azure.com:443/"
            },
            "auth_settings": [],
            "auth_settings_v2": [],
            "backup": [],
            "builtin_logging_enabled": true,
            "client_certificate_enabled": false,
            "client_certificate_exclusion_paths": "",
            "client_certificate_mode": "Optional",
            "connection_string": [],
            "content_share_force_disabled": false,
            "custom_domain_verification_id": "39E889CB35527700353162611D002FBAF65787CFA486DC85AAACD222621D5034",
            "daily_memory_time_quota": 0,
            "default_hostname": "padelnotes-function-app001.azurewebsites.net",
            "enabled": true,
            "ftp_publish_basic_authentication_enabled": true,
            "functions_extension_version": "~4",
            "hosting_environment_id": "",
            "https_only": false,
            "id": "/subscriptions/12ce2e00-9ed1-4fb6-8bfc-03b9bd0a200a/resourceGroups/PadelNotes/providers/Microsoft.Web/sites/padelnotes-function-app001",
            "identity": [],
            "key_vault_reference_identity_id": "SystemAssigned",
            "kind": "functionapp,linux",
            "location": "uksouth",
            "name": "padelnotes-function-app001",
            "outbound_ip_address_list": [
              "20.50.104.64",
              "20.50.109.225",
              "20.50.111.186",
              "20.50.111.210",
              "20.50.111.236",
              "20.49.160.52",
              "51.104.28.69"
            ],
            "outbound_ip_addresses": "20.50.104.64,20.50.109.225,20.50.111.186,20.50.111.210,20.50.111.236,20.49.160.52,51.104.28.69",
            "possible_outbound_ip_address_list": [
              "20.50.104.64",
              "20.50.109.225",
              "20.50.111.186",
              "20.50.111.210",
              "20.50.111.236",
              "20.49.160.52",
              "20.49.160.254",
              "20.49.163.6",
              "20.50.104.47",
              "20.49.163.76",
              "20.49.164.155",
              "20.49.165.102",
              "20.49.165.107",
              "20.49.165.140",
              "20.49.165.146",
              "20.49.166.57",
              "20.49.166.167",
              "20.50.105.129",
              "20.50.103.75",
              "20.50.103.201",
              "20.49.224.80",
              "20.49.224.142",
              "20.49.224.177",
              "20.49.224.211",
              "51.104.28.69"
            ],
            "possible_outbound_ip_addresses": "20.50.104.64,20.50.109.225,20.50.111.186,20.50.111.210,20.50.111.236,20.49.160.52,20.49.160.254,20.49.163.6,20.50.104.47,20.49.163.76,20.49.164.155,20.49.165.102,20.49.165.107,20.49.165.140,20.49.165.146,20.49.166.57,20.49.166.167,20.50.105.129,20.50.103.75,20.50.103.201,20.49.224.80,20.49.224.142,20.49.224.177,20.49.224.211,51.104.28.69",
            "public_network_access_enabled": true,
            "resource_group_name": "PadelNotes",
            "service_plan_id": "/subscriptions/12ce2e00-9ed1-4fb6-8bfc-03b9bd0a200a/resourceGroups/PadelNotes/providers/Microsoft.Web/serverFarms/functionappserviceplan",
            "site_config": [
              {
                "always_on": false,
                "api_definition_url": "",
                "api_management_api_id": "",
                "app_command_line": "",
                "app_scale_limit": 200,
                "app_service_logs": [],
                "application_insights_connection_string": "",
                "application_insights_key": "",
                "application_stack": [
                  {
                    "docker": [],
                    "dotnet_version": "",
                    "java_version": "",
                    "node_version": "",
                    "powershell_core_version": "",
                    "python_version": "3.12",
                    "use_custom_runtime": false,
                    "use_dotnet_isolated_runtime": false
                  }
                ],
                "container_registry_managed_identity_client_id": "",
                "container_registry_use_managed_identity": false,
                "cors": [
                  {
                    "allowed_origins": [
                      "http://127.0.0.1:3000"
                    ],
                    "support_credentials": false
                  }
                ],
                "default_documents": [
                  "Default.htm",
                  "Default.html",
                  "Default.asp",
                  "index.htm",
                  "index.html",
                  "iisstart.htm",
                  "default.aspx",
                  "index.php"
                ],
                "detailed_error_logging_enabled": false,
                "elastic_instance_minimum": 1,
                "ftps_state": "Disabled",
                "health_check_eviction_time_in_min": 0,
                "health_check_path": "",
                "http2_enabled": false,
                "ip_restriction": [],
                "ip_restriction_default_action": "Allow",
                "linux_fx_version": "PYTHON|3.12",
                "load_balancing_mode": "LeastRequests",
                "managed_pipeline_mode": "Integrated",
                "minimum_tls_version": "1.2",
                "pre_warmed_instance_count": 0,
                "remote_debugging_enabled": false,
                "remote_debugging_version": "",
                "runtime_scale_monitoring_enabled": false,
                "scm_ip_restriction": [],
                "scm_ip_restriction_default_action": "Allow",
                "scm_minimum_tls_version": "1.2",
                "scm_type": "None",
                "scm_use_main_ip_restriction": false,
                "use_32_bit_worker": false,
                "vnet_route_all_enabled": false,
                "websockets_enabled": false,
                "worker_count": 1
              }
            ],
            "site_credential": [
              {
                "name": "$padelnotes-function-app001",
                "password": "Q48mRMrzXKeDEoooqz9rEal4TjwRjmoZ0cfQbToTNDpcq45iq5orThPHpw42"
              }
            ],
            "sticky_settings": [],
            "storage_account": [],
            "storage_account_access_key": "Uog0AFUC+SioD2FSd+Jxbb0M7Wil6nYeg1KEoCSyBU9O92s2zYCgS+8Q5aTtwqPpcrKV9m7IvPI0+ASt6xe9eQ==",
            "storage_account_name": "functionappsa01",
            "storage_key_vault_secret_id": "",
            "storage_uses_managed_identity": false,
            "tags": {},
            "timeouts": null,
            "virtual_network_backup_restore_enabled": false,
            "virtual_network_subnet_id": "",
            "vnet_image_pull_enabled": false,
            "webdeploy_publish_basic_authentication_enabled": true,
            "zip_deploy_file": ""
          },
          "sensitive_attributes": [
            [
              {
                "type": "get_attr",
                "value": "app_settings"
              },
              {
                "type": "index",
                "value": {
                  "value": "APPINSIGHTS_CONNECTION_STRING",
                  "type": "string"
                }
              }
            ],
            [
              {
                "type": "get_attr",
                "value": "app_settings"
              },
              {
                "type": "index",
                "value": {
                  "value": "APPINSIGHTS_KEY",
                  "type": "string"
                }
              }
            ],
            [
              {
                "type": "get_attr",
                "value": "app_settings"
              },
              {
                "type": "index",
                "value": {
                  "value": "CosmosDBConnectionString",
                  "type": "string"
                }
              }
            ],
            [
              {
                "type": "get_attr",
                "value": "app_settings"
              },
              {
                "type": "index",
                "value": {
                  "value": "KEY",
                  "type": "string"
                }
              }
            ],
            [
              {
                "type": "get_attr",
                "value": "app_settings"
              },
              {
                "type": "index",
                "value": {
                  "value": "OPANAI_KEY",
                  "type": "string"
                }
              }
            ],
            [
              {
                "type": "get_attr",
                "value": "custom_domain_verification_id"
              }
            ],
            [
              {
                "type": "get_attr",
                "value": "site_config"
              },
              {
                "type": "index",
                "value": {
                  "value": 0,
                  "type": "number"
                }
              },
              {
                "type": "get_attr",
                "value": "application_insights_connection_string"
              }
            ],
            [
              {
                "type": "get_attr",
                "value": "site_config"
              },
              {
                "type": "index",
                "value": {
                  "value": 0,
                  "type": "number"
                }
              },
              {
                "type": "get_attr",
                "value": "application_insights_key"
              }
            ],
            [
              {
                "type": "get_attr",
                "value": "site_credential"
              }
            ],
            [
              {
                "type": "get_attr",
                "value": "storage_account_access_key"
              }
            ]
          ],
          "identity_schema_version": 0,
          "identity": {
            "name": "padelnotes-function-app001",
            "resource_group_name": "PadelNotes",
            "subscription_id": "12ce2e00-9ed1-4fb6-8bfc-03b9bd0a200a"
          },
          "private": "eyJlMmJmYjczMC1lY2FhLTExZTYtOGY4OC0zNDM2M2JjN2M0YzAiOnsiY3JlYXRlIjoxODAwMDAwMDAwMDAwLCJkZWxldGUiOjE4MDAwMDAwMDAwMDAsInJlYWQiOjMwMDAwMDAwMDAwMCwidXBkYXRlIjoxODAwMDAwMDAwMDAwfSwic2NoZW1hX3ZlcnNpb24iOiIxIn0=",
          "dependencies": [
            "azurerm_application_insights.functionapp-appinsights",
            "azurerm_cognitive_account.ai_foundry",
            "azurerm_cosmosdb_account.PadelNotesCosmosDBAccount",
            "azurerm_log_analytics_workspace.log-workspace",
            "azurerm_resource_group.PadelNotes-rg",
            "azurerm_service_plan.functionapp-serviceplan",
            "azurerm_storage_account.functionapp-storageaccount",
            "random_string.unique"
          ]
        }
      ]
    },
    {
      "mode": "managed",
      "type": "azurerm_log_analytics_workspace",
      "name": "log-workspace",
      "provider": "provider[\"registry.terraform.io/hashicorp/azurerm\"]",
      "instances": [
        {
          "schema_version": 3,
          "attributes": {
            "allow_resource_only_permissions": true,
            "cmk_for_query_forced": false,
            "daily_quota_gb": -1,
            "data_collection_rule_id": "",
            "id": "/subscriptions/12ce2e00-9ed1-4fb6-8bfc-03b9bd0a200a/resourceGroups/PadelNotes/providers/Microsoft.OperationalInsights/workspaces/padelnotes-workspacelogs",
            "identity": [],
            "immediate_data_purge_on_30_days_enabled": false,
            "internet_ingestion_enabled": true,
            "internet_query_enabled": true,
            "local_authentication_disabled": true,
            "local_authentication_enabled": false,
            "location": "uksouth",
            "name": "padelnotes-workspacelogs",
            "primary_shared_key": "sEpMaMvGOCmL+psO0TZlzMtOctBTrUJ1lpVsCzuXKH3HVnTzmnpgk70NbgICyaICLZNNYkzq16Xv/sM/N3EiQg==",
            "reservation_capacity_in_gb_per_day": null,
            "resource_group_name": "PadelNotes",
            "retention_in_days": 30,
            "secondary_shared_key": "pTpjOYrTOlg8uqxUapyrDUCmSfyrN9eb4T2aPIYWZlm+WTn+836c3GkH0BaXgi1TXBjISuiR7ErLqJMrIc6T+g==",
            "sku": "PerGB2018",
            "tags": {},
            "timeouts": null,
            "workspace_id": "372e5b3d-acca-4dbd-90c8-183cae174df5"
          },
          "sensitive_attributes": [
            [
              {
                "type": "get_attr",
                "value": "primary_shared_key"
              }
            ],
            [
              {
                "type": "get_attr",
                "value": "secondary_shared_key"
              }
            ]
          ],
          "identity_schema_version": 0,
          "private": "eyJlMmJmYjczMC1lY2FhLTExZTYtOGY4OC0zNDM2M2JjN2M0YzAiOnsiY3JlYXRlIjoxODAwMDAwMDAwMDAwLCJkZWxldGUiOjE4MDAwMDAwMDAwMDAsInJlYWQiOjMwMDAwMDAwMDAwMCwidXBkYXRlIjoxODAwMDAwMDAwMDAwfSwic2NoZW1hX3ZlcnNpb24iOiIzIn0=",
          "dependencies": [
            "azurerm_resource_group.PadelNotes-rg"
          ]
        }
      ]
    },
    {
      "mode": "managed",
      "type": "azurerm_resource_group",
      "name": "PadelNotes-rg",
      "provider": "provider[\"registry.terraform.io/hashicorp/azurerm\"]",
      "instances": [
        {
          "schema_version": 0,
          "attributes": {
            "id": "/subscriptions/12ce2e00-9ed1-4fb6-8bfc-03b9bd0a200a/resourceGroups/PadelNotes",
            "location": "uksouth",
            "managed_by": "",
            "name": "PadelNotes",
            "tags": {},
            "timeouts": null
          },
          "sensitive_attributes": [],
          "identity_schema_version": 0,
          "private": "eyJlMmJmYjczMC1lY2FhLTExZTYtOGY4OC0zNDM2M2JjN2M0YzAiOnsiY3JlYXRlIjo1NDAwMDAwMDAwMDAwLCJkZWxldGUiOjU0MDAwMDAwMDAwMDAsInJlYWQiOjMwMDAwMDAwMDAwMCwidXBkYXRlIjo1NDAwMDAwMDAwMDAwfX0="
        }
      ]
    },
    {
      "mode": "managed",
      "type": "azurerm_service_plan",
      "name": "functionapp-serviceplan",
      "provider": "provider[\"registry.terraform.io/hashicorp/azurerm\"]",
      "instances": [
        {
          "schema_version": 1,
          "attributes": {
            "app_service_environment_id": "",
            "id": "/subscriptions/12ce2e00-9ed1-4fb6-8bfc-03b9bd0a200a/resourceGroups/PadelNotes/providers/Microsoft.Web/serverFarms/functionappserviceplan",
            "kind": "functionapp",
            "location": "uksouth",
            "maximum_elastic_worker_count": 1,
            "name": "functionappserviceplan",
            "os_type": "Linux",
            "per_site_scaling_enabled": false,
            "premium_plan_auto_scale_enabled": false,
            "reserved": true,
            "resource_group_name": "PadelNotes",
            "sku_name": "Y1",
            "tags": {},
            "timeouts": null,
            "worker_count": 0,
            "zone_balancing_enabled": false
          },
          "sensitive_attributes": [],
          "identity_schema_version": 0,
          "private": "eyJlMmJmYjczMC1lY2FhLTExZTYtOGY4OC0zNDM2M2JjN2M0YzAiOnsiY3JlYXRlIjozNjAwMDAwMDAwMDAwLCJkZWxldGUiOjM2MDAwMDAwMDAwMDAsInJlYWQiOjMwMDAwMDAwMDAwMCwidXBkYXRlIjozNjAwMDAwMDAwMDAwfSwic2NoZW1hX3ZlcnNpb24iOiIxIn0=",
          "dependencies": [
            "azurerm_resource_group.PadelNotes-rg"
          ]
        }
      ]
    },
    {
      "mode": "managed",
      "type": "azurerm_storage_account",
      "name": "functionapp-storageaccount",
      "provider": "provider[\"registry.terraform.io/hashicorp/azurerm\"]",
      "instances": [
        {
          "schema_version": 4,
          "attributes": {
            "access_tier": "Hot",
            "account_kind": "StorageV2",
            "account_replication_type": "LRS",
            "account_tier": "Standard",
            "allow_nested_items_to_be_public": true,
            "allowed_copy_scope": "",
            "azure_files_authentication": [],
            "blob_properties": [
              {
                "change_feed_enabled": false,
                "change_feed_retention_in_days": 0,
                "container_delete_retention_policy": [],
                "cors_rule": [],
                "default_service_version": "",
                "delete_retention_policy": [],
                "last_access_time_enabled": false,
                "restore_policy": [],
                "versioning_enabled": false
              }
            ],
            "cross_tenant_replication_enabled": false,
            "custom_domain": [],
            "customer_managed_key": [],
            "default_to_oauth_authentication": false,
            "dns_endpoint_type": "Standard",
            "edge_zone": "",
            "https_traffic_only_enabled": true,
            "id": "/subscriptions/12ce2e00-9ed1-4fb6-8bfc-03b9bd0a200a/resourceGroups/PadelNotes/providers/Microsoft.Storage/storageAccounts/functionappsa01",
            "identity": [],
            "immutability_policy": [],
            "infrastructure_encryption_enabled": false,
            "is_hns_enabled": false,
            "large_file_share_enabled": false,
            "local_user_enabled": true,
            "location": "uksouth",
            "min_tls_version": "TLS1_2",
            "name": "functionappsa01",
            "network_rules": [],
            "nfsv3_enabled": false,
            "primary_access_key": "Uog0AFUC+SioD2FSd+Jxbb0M7Wil6nYeg1KEoCSyBU9O92s2zYCgS+8Q5aTtwqPpcrKV9m7IvPI0+ASt6xe9eQ==",
            "primary_blob_connection_string": "DefaultEndpointsProtocol=https;BlobEndpoint=https://functionappsa01.blob.core.windows.net/;AccountName=functionappsa01;AccountKey=Uog0AFUC+SioD2FSd+Jxbb0M7Wil6nYeg1KEoCSyBU9O92s2zYCgS+8Q5aTtwqPpcrKV9m7IvPI0+ASt6xe9eQ==",
            "primary_blob_endpoint": "https://functionappsa01.blob.core.windows.net/",
            "primary_blob_host": "functionappsa01.blob.core.windows.net",
            "primary_blob_internet_endpoint": "",
            "primary_blob_internet_host": "",
            "primary_blob_microsoft_endpoint": "",
            "primary_blob_microsoft_host": "",
            "primary_connection_string": "DefaultEndpointsProtocol=https;AccountName=functionappsa01;AccountKey=Uog0AFUC+SioD2FSd+Jxbb0M7Wil6nYeg1KEoCSyBU9O92s2zYCgS+8Q5aTtwqPpcrKV9m7IvPI0+ASt6xe9eQ==;EndpointSuffix=core.windows.net",
            "primary_dfs_endpoint": "https://functionappsa01.dfs.core.windows.net/",
            "primary_dfs_host": "functionappsa01.dfs.core.windows.net",
            "primary_dfs_internet_endpoint": "",
            "primary_dfs_internet_host": "",
            "primary_dfs_microsoft_endpoint": "",
            "primary_dfs_microsoft_host": "",
            "primary_file_endpoint": "https://functionappsa01.file.core.windows.net/",
            "primary_file_host": "functionappsa01.file.core.windows.net",
            "primary_file_internet_endpoint": "",
            "primary_file_internet_host": "",
            "primary_file_microsoft_endpoint": "",
            "primary_file_microsoft_host": "",
            "primary_location": "uksouth",
            "primary_queue_endpoint": "https://functionappsa01.queue.core.windows.net/",
            "primary_queue_host": "functionappsa01.queue.core.windows.net",
            "primary_queue_microsoft_endpoint": "",
            "primary_queue_microsoft_host": "",
            "primary_table_endpoint": "https://functionappsa01.table.core.windows.net/",
            "primary_table_host": "functionappsa01.table.core.windows.net",
            "primary_table_microsoft_endpoint": "",
            "primary_table_microsoft_host": "",
            "primary_web_endpoint": "https://functionappsa01.z33.web.core.windows.net/",
            "primary_web_host": "functionappsa01.z33.web.core.windows.net",
            "primary_web_internet_endpoint": "",
            "primary_web_internet_host": "",
            "primary_web_microsoft_endpoint": "",
            "primary_web_microsoft_host": "",
            "provisioned_billing_model_version": "",
            "public_network_access_enabled": true,
            "queue_encryption_key_type": "Service",
            "queue_properties": [
              {
                "cors_rule": [],
                "hour_metrics": [
                  {
                    "enabled": false,
                    "include_apis": false,
                    "retention_policy_days": 0,
                    "version": "1.0"
                  }
                ],
                "logging": [
                  {
                    "delete": false,
                    "read": false,
                    "retention_policy_days": 0,
                    "version": "1.0",
                    "write": false
                  }
                ],
                "minute_metrics": [
                  {
                    "enabled": false,
                    "include_apis": false,
                    "retention_policy_days": 0,
                    "version": "1.0"
                  }
                ]
              }
            ],
            "resource_group_name": "PadelNotes",
            "routing": [],
            "sas_policy": [],
            "secondary_access_key": "W0cgC0NZiyOR8qMRlVzpqYd9hjx2hMSJ5qdvAHXVVFFuFMmE0ycYDLYvd7ZA18NVb35c9W4VFokv+ASthM+Uuw==",
            "secondary_blob_connection_string": "",
            "secondary_blob_endpoint": "",
            "secondary_blob_host": "",
            "secondary_blob_internet_endpoint": "",
            "secondary_blob_internet_host": "",
            "secondary_blob_microsoft_endpoint": "",
            "secondary_blob_microsoft_host": "",
            "secondary_connection_string": "DefaultEndpointsProtocol=https;AccountName=functionappsa01;AccountKey=W0cgC0NZiyOR8qMRlVzpqYd9hjx2hMSJ5qdvAHXVVFFuFMmE0ycYDLYvd7ZA18NVb35c9W4VFokv+ASthM+Uuw==;EndpointSuffix=core.windows.net",
            "secondary_dfs_endpoint": "",
            "secondary_dfs_host": "",
            "secondary_dfs_internet_endpoint": "",
            "secondary_dfs_internet_host": "",
            "secondary_dfs_microsoft_endpoint": "",
            "secondary_dfs_microsoft_host": "",
            "secondary_file_endpoint": "",
            "secondary_file_host": "",
            "secondary_file_internet_endpoint": "",
            "secondary_file_internet_host": "",
            "secondary_file_microsoft_endpoint": "",
            "secondary_file_microsoft_host": "",
            "secondary_location": "",
            "secondary_queue_endpoint": "",
            "secondary_queue_host": "",
            "secondary_queue_microsoft_endpoint": "",
            "secondary_queue_microsoft_host": "",
            "secondary_table_endpoint": "",
            "secondary_table_host": "",
            "secondary_table_microsoft_endpoint": "",
            "secondary_table_microsoft_host": "",
            "secondary_web_endpoint": "",
            "secondary_web_host": "",
            "secondary_web_internet_endpoint": "",
            "secondary_web_internet_host": "",
            "secondary_web_microsoft_endpoint": "",
            "secondary_web_microsoft_host": "",
            "sftp_enabled": false,
            "share_properties": [
              {
                "cors_rule": [],
                "retention_policy": [
                  {
                    "days": 7
                  }
                ],
                "smb": []
              }
            ],
            "shared_access_key_enabled": true,
            "static_website": [],
            "table_encryption_key_type": "Service",
            "tags": {},
            "timeouts": null
          },
          "sensitive_attributes": [
            [
              {
                "type": "get_attr",
                "value": "primary_access_key"
              }
            ],
            [
              {
                "type": "get_attr",
                "value": "primary_blob_connection_string"
              }
            ],
            [
              {
                "type": "get_attr",
                "value": "primary_connection_string"
              }
            ],
            [
              {
                "type": "get_attr",
                "value": "secondary_access_key"
              }
            ],
            [
              {
                "type": "get_attr",
                "value": "secondary_blob_connection_string"
              }
            ],
            [
              {
                "type": "get_attr",
                "value": "secondary_connection_string"
              }
            ]
          ],
          "identity_schema_version": 0,
          "identity": {
            "name": "functionappsa01",
            "resource_group_name": "PadelNotes",
            "subscription_id": "12ce2e00-9ed1-4fb6-8bfc-03b9bd0a200a"
          },
          "private": "eyJlMmJmYjczMC1lY2FhLTExZTYtOGY4OC0zNDM2M2JjN2M0YzAiOnsiY3JlYXRlIjozNjAwMDAwMDAwMDAwLCJkZWxldGUiOjM2MDAwMDAwMDAwMDAsInJlYWQiOjMwMDAwMDAwMDAwMCwidXBkYXRlIjozNjAwMDAwMDAwMDAwfSwic2NoZW1hX3ZlcnNpb24iOiI0In0=",
          "dependencies": [
            "azurerm_resource_group.PadelNotes-rg"
          ]
        }
      ]
    },
    {
      "mode": "managed",
      "type": "random_string",
      "name": "unique",
      "provider": "provider[\"registry.terraform.io/hashicorp/random\"]",
      "instances": [
        {
          "schema_version": 2,
          "attributes": {
            "id": "27140",
            "keepers": null,
            "length": 5,
            "lower": true,
            "min_lower": 0,
            "min_numeric": 5,
            "min_special": 0,
            "min_upper": 0,
            "number": true,
            "numeric": true,
            "override_special": null,
            "result": "27140",
            "special": false,
            "upper": false
          },
          "sensitive_attributes": [],
          "identity_schema_version": 0
        }
      ]
    }
  ],
  "check_results": null
}
